{
  "originHash" : "8793fe8ddb6c46bc641b8b32706b498f3baa25b5709a7501915bee59faecb35b",
  "pins" : [
    {
      "identity" : "vlckit-spm",
      "kind" : "remoteSourceControl",
      "location" : "https://github.com/igorfedorchuk/vlckit-spm/",
      "state" : {
        "revision" : "1800d69ca8bbf0a18aed5c0c5b736c1e5570f801",
        "version" : "3.5.4"
      }
    }
  ],
  "version" : 3
}
